
Microsoft Visual Studio Solution File, Format Version 12.00
# Visual Studio Version 16
VisualStudioVersion = 16.0.30011.22
MinimumVisualStudioVersion = 10.0.40219.1
Project("{FAE04EC0-301F-11D3-BF4B-00C04F79EFBC}") = "ConquestTests", "ConquestTests.csproj", "{16BB47FD-7F63-4442-BAE7-F1FC5F31BC99}"
EndProject
Global
	GlobalSection(SolutionConfigurationPlatforms) = preSolution
		Debug|Any CPU = Debug|Any CPU
		Release|Any CPU = Release|Any CPU
	EndGlobalSection
	GlobalSection(ProjectConfigurationPlatforms) = postSolution
		{16BB47FD-7F63-4442-BAE7-F1FC5F31BC99}.Debug|Any CPU.ActiveCfg = Debug|Any CPU
		{16BB47FD-7F63-4442-BAE7-F1FC5F31BC99}.Debug|Any CPU.Build.0 = Debug|Any CPU
		{16BB47FD-7F63-4442-BAE7-F1FC5F31BC99}.Release|Any CPU.ActiveCfg = Release|Any CPU
		{16BB47FD-7F63-4442-BAE7-F1FC5F31BC99}.Release|Any CPU.Build.0 = Release|Any CPU
	EndGlobalSection
	GlobalSection(SolutionProperties) = preSolution
		HideSolutionNode = FALSE
	EndGlobalSection
	GlobalSection(ExtensibilityGlobals) = postSolution
		SolutionGuid = {ED6E8CD1-B504-42C5-9AA3-A9D56F919BE8}
	EndGlobalSection
EndGlobal
